// !$*UTF8*$!
{
	archiveVersion = 1;
	classes = {
	};
	objectVersion = 46;
	objects = {

/* Begin PBXBuildFile section */
		C67D4BEC1E14AF6A00798008 /* AppDelegate.swift in Sources */ = {isa = PBXBuildFile; fileRef = C67D4BEB1E14AF6A00798008 /* AppDelegate.swift */; };
		C67D4BEE1E14AF6A00798008 /* ViewController.swift in Sources */ = {isa = PBXBuildFile; fileRef = C67D4BED1E14AF6A00798008 /* ViewController.swift */; };
		C67D4BF11E14AF6A00798008 /* Main.storyboard in Resources */ = {isa = PBXBuildFile; fileRef = C67D4BEF1E14AF6A00798008 /* Main.storyboard */; };
		C67D4BF31E14AF6A00798008 /* Assets.xcassets in Resources */ = {isa = PBXBuildFile; fileRef = C67D4BF21E14AF6A00798008 /* Assets.xcassets */; };
		C67D4BF61E14AF6A00798008 /* LaunchScreen.storyboard in Resources */ = {isa = PBXBuildFile; fileRef = C67D4BF41E14AF6A00798008 /* LaunchScreen.storyboard */; };
		C67D4C011E14AF6A00798008 /* CoolNotesTests.swift in Sources */ = {isa = PBXBuildFile; fileRef = C67D4C001E14AF6A00798008 /* CoolNotesTests.swift */; };
		C67D4C0C1E14AF6A00798008 /* CoolNotesUITests.swift in Sources */ = {isa = PBXBuildFile; fileRef = C67D4C0B1E14AF6A00798008 /* CoolNotesUITests.swift */; };
		C67D4C1B1E14AF8F00798008 /* Model.xcdatamodeld in Sources */ = {isa = PBXBuildFile; fileRef = C67D4C191E14AF8F00798008 /* Model.xcdatamodeld */; };
		C67D4C1E1E1AEB2100798008 /* CoreDataStack.swift in Sources */ = {isa = PBXBuildFile; fileRef = C67D4C1D1E1AEB2100798008 /* CoreDataStack.swift */; };
		C67D4C2B1E1AF39600798008 /* Notebook.swift in Sources */ = {isa = PBXBuildFile; fileRef = C67D4C271E1AF39600798008 /* Notebook.swift */; };
		C67D4C2C1E1AF39600798008 /* Notebook+CoreDataProperties.swift in Sources */ = {isa = PBXBuildFile; fileRef = C67D4C281E1AF39600798008 /* Notebook+CoreDataProperties.swift */; };
		C67D4C2D1E1AF39600798008 /* Note.swift in Sources */ = {isa = PBXBuildFile; fileRef = C67D4C291E1AF39600798008 /* Note.swift */; };
		C67D4C2E1E1AF39600798008 /* Note+CoreDataProperties.swift in Sources */ = {isa = PBXBuildFile; fileRef = C67D4C2A1E1AF39600798008 /* Note+CoreDataProperties.swift */; };
		C67D4C311E1C825C00798008 /* CoreDataTableViewController.swift in Sources */ = {isa = PBXBuildFile; fileRef = C67D4C301E1C825C00798008 /* CoreDataTableViewController.swift */; };
		C67D4C331E1C838A00798008 /* NotebooksTableViewController.swift in Sources */ = {isa = PBXBuildFile; fileRef = C67D4C321E1C838A00798008 /* NotebooksTableViewController.swift */; };
		C67D4C351E1C8B9500798008 /* NotesViewController.swift in Sources */ = {isa = PBXBuildFile; fileRef = C67D4C341E1C8B9500798008 /* NotesViewController.swift */; };
/* End PBXBuildFile section */

/* Begin PBXContainerItemProxy section */
		C67D4BFD1E14AF6A00798008 /* PBXContainerItemProxy */ = {
			isa = PBXContainerItemProxy;
			containerPortal = C67D4BE01E14AF6A00798008 /* Project object */;
			proxyType = 1;
			remoteGlobalIDString = C67D4BE71E14AF6A00798008;
			remoteInfo = CoolNotes;
		};
		C67D4C081E14AF6A00798008 /* PBXContainerItemProxy */ = {
			isa = PBXContainerItemProxy;
			containerPortal = C67D4BE01E14AF6A00798008 /* Project object */;
			proxyType = 1;
			remoteGlobalIDString = C67D4BE71E14AF6A00798008;
			remoteInfo = CoolNotes;
		};
/* End PBXContainerItemProxy section */

/* Begin PBXFileReference section */
		C67D4BE81E14AF6A00798008 /* CoolNotes.app */ = {isa = PBXFileReference; explicitFileType = wrapper.application; includeInIndex = 0; path = CoolNotes.app; sourceTree = BUILT_PRODUCTS_DIR; };
		C67D4BEB1E14AF6A00798008 /* AppDelegate.swift */ = {isa = PBXFileReference; lastKnownFileType = sourcecode.swift; path = AppDelegate.swift; sourceTree = "<group>"; };
		C67D4BED1E14AF6A00798008 /* ViewController.swift */ = {isa = PBXFileReference; lastKnownFileType = sourcecode.swift; path = ViewController.swift; sourceTree = "<group>"; };
		C67D4BF01E14AF6A00798008 /* Base */ = {isa = PBXFileReference; lastKnownFileType = file.storyboard; name = Base; path = Base.lproj/Main.storyboard; sourceTree = "<group>"; };
		C67D4BF21E14AF6A00798008 /* Assets.xcassets */ = {isa = PBXFileReference; lastKnownFileType = folder.assetcatalog; path = Assets.xcassets; sourceTree = "<group>"; };
		C67D4BF51E14AF6A00798008 /* Base */ = {isa = PBXFileReference; lastKnownFileType = file.storyboard; name = Base; path = Base.lproj/LaunchScreen.storyboard; sourceTree = "<group>"; };
		C67D4BF71E14AF6A00798008 /* Info.plist */ = {isa = PBXFileReference; lastKnownFileType = text.plist.xml; path = Info.plist; sourceTree = "<group>"; };
		C67D4BFC1E14AF6A00798008 /* CoolNotesTests.xctest */ = {isa = PBXFileReference; explicitFileType = wrapper.cfbundle; includeInIndex = 0; path = CoolNotesTests.xctest; sourceTree = BUILT_PRODUCTS_DIR; };
		C67D4C001E14AF6A00798008 /* CoolNotesTests.swift */ = {isa = PBXFileReference; lastKnownFileType = sourcecode.swift; path = CoolNotesTests.swift; sourceTree = "<group>"; };
		C67D4C021E14AF6A00798008 /* Info.plist */ = {isa = PBXFileReference; lastKnownFileType = text.plist.xml; path = Info.plist; sourceTree = "<group>"; };
		C67D4C071E14AF6A00798008 /* CoolNotesUITests.xctest */ = {isa = PBXFileReference; explicitFileType = wrapper.cfbundle; includeInIndex = 0; path = CoolNotesUITests.xctest; sourceTree = BUILT_PRODUCTS_DIR; };
		C67D4C0B1E14AF6A00798008 /* CoolNotesUITests.swift */ = {isa = PBXFileReference; lastKnownFileType = sourcecode.swift; path = CoolNotesUITests.swift; sourceTree = "<group>"; };
		C67D4C0D1E14AF6A00798008 /* Info.plist */ = {isa = PBXFileReference; lastKnownFileType = text.plist.xml; path = Info.plist; sourceTree = "<group>"; };
		C67D4C1A1E14AF8F00798008 /* Model.xcdatamodel */ = {isa = PBXFileReference; lastKnownFileType = wrapper.xcdatamodel; path = Model.xcdatamodel; sourceTree = "<group>"; };
		C67D4C1D1E1AEB2100798008 /* CoreDataStack.swift */ = {isa = PBXFileReference; fileEncoding = 4; lastKnownFileType = sourcecode.swift; path = CoreDataStack.swift; sourceTree = "<group>"; };
		C67D4C271E1AF39600798008 /* Notebook.swift */ = {isa = PBXFileReference; fileEncoding = 4; lastKnownFileType = sourcecode.swift; path = Notebook.swift; sourceTree = "<group>"; };
		C67D4C281E1AF39600798008 /* Notebook+CoreDataProperties.swift */ = {isa = PBXFileReference; fileEncoding = 4; lastKnownFileType = sourcecode.swift; path = "Notebook+CoreDataProperties.swift"; sourceTree = "<group>"; };
		C67D4C291E1AF39600798008 /* Note.swift */ = {isa = PBXFileReference; fileEncoding = 4; lastKnownFileType = sourcecode.swift; path = Note.swift; sourceTree = "<group>"; };
		C67D4C2A1E1AF39600798008 /* Note+CoreDataProperties.swift */ = {isa = PBXFileReference; fileEncoding = 4; lastKnownFileType = sourcecode.swift; path = "Note+CoreDataProperties.swift"; sourceTree = "<group>"; };
		C67D4C301E1C825C00798008 /* CoreDataTableViewController.swift */ = {isa = PBXFileReference; fileEncoding = 4; lastKnownFileType = sourcecode.swift; path = CoreDataTableViewController.swift; sourceTree = "<group>"; };
		C67D4C321E1C838A00798008 /* NotebooksTableViewController.swift */ = {isa = PBXFileReference; fileEncoding = 4; lastKnownFileType = sourcecode.swift; path = NotebooksTableViewController.swift; sourceTree = "<group>"; };
		C67D4C341E1C8B9500798008 /* NotesViewController.swift */ = {isa = PBXFileReference; fileEncoding = 4; lastKnownFileType = sourcecode.swift; path = NotesViewController.swift; sourceTree = "<group>"; };
/* End PBXFileReference section */

/* Begin PBXFrameworksBuildPhase section */
		C67D4BE51E14AF6A00798008 /* Frameworks */ = {
			isa = PBXFrameworksBuildPhase;
			buildActionMask = 2147483647;
			files = (
			);
			runOnlyForDeploymentPostprocessing = 0;
		};
		C67D4BF91E14AF6A00798008 /* Frameworks */ = {
			isa = PBXFrameworksBuildPhase;
			buildActionMask = 2147483647;
			files = (
			);
			runOnlyForDeploymentPostprocessing = 0;
		};
		C67D4C041E14AF6A00798008 /* Frameworks */ = {
			isa = PBXFrameworksBuildPhase;
			buildActionMask = 2147483647;
			files = (
			);
			runOnlyForDeploymentPostprocessing = 0;
		};
/* End PBXFrameworksBuildPhase section */

/* Begin PBXGroup section */
		C67D4BDF1E14AF6A00798008 = {
			isa = PBXGroup;
			children = (
				C67D4BEA1E14AF6A00798008 /* CoolNotes */,
				C67D4BFF1E14AF6A00798008 /* CoolNotesTests */,
				C67D4C0A1E14AF6A00798008 /* CoolNotesUITests */,
				C67D4BE91E14AF6A00798008 /* Products */,
			);
			sourceTree = "<group>";
		};
		C67D4BE91E14AF6A00798008 /* Products */ = {
			isa = PBXGroup;
			children = (
				C67D4BE81E14AF6A00798008 /* CoolNotes.app */,
				C67D4BFC1E14AF6A00798008 /* CoolNotesTests.xctest */,
				C67D4C071E14AF6A00798008 /* CoolNotesUITests.xctest */,
			);
			name = Products;
			sourceTree = "<group>";
		};
		C67D4BEA1E14AF6A00798008 /* CoolNotes */ = {
			isa = PBXGroup;
			children = (
				C67D4C2F1E1C824500798008 /* Controller */,
				C67D4C1C1E1AEAE800798008 /* Model */,
				C67D4BEB1E14AF6A00798008 /* AppDelegate.swift */,
				C67D4BED1E14AF6A00798008 /* ViewController.swift */,
				C67D4BEF1E14AF6A00798008 /* Main.storyboard */,
				C67D4BF21E14AF6A00798008 /* Assets.xcassets */,
				C67D4BF41E14AF6A00798008 /* LaunchScreen.storyboard */,
				C67D4BF71E14AF6A00798008 /* Info.plist */,
			);
			path = CoolNotes;
			sourceTree = "<group>";
		};
		C67D4BFF1E14AF6A00798008 /* CoolNotesTests */ = {
			isa = PBXGroup;
			children = (
				C67D4C001E14AF6A00798008 /* CoolNotesTests.swift */,
				C67D4C021E14AF6A00798008 /* Info.plist */,
			);
			path = CoolNotesTests;
			sourceTree = "<group>";
		};
		C67D4C0A1E14AF6A00798008 /* CoolNotesUITests */ = {
			isa = PBXGroup;
			children = (
				C67D4C0B1E14AF6A00798008 /* CoolNotesUITests.swift */,
				C67D4C0D1E14AF6A00798008 /* Info.plist */,
			);
			path = CoolNotesUITests;
			sourceTree = "<group>";
		};
		C67D4C1C1E1AEAE800798008 /* Model */ = {
			isa = PBXGroup;
			children = (
				C67D4C271E1AF39600798008 /* Notebook.swift */,
				C67D4C281E1AF39600798008 /* Notebook+CoreDataProperties.swift */,
				C67D4C291E1AF39600798008 /* Note.swift */,
				C67D4C2A1E1AF39600798008 /* Note+CoreDataProperties.swift */,
				C67D4C1D1E1AEB2100798008 /* CoreDataStack.swift */,
				C67D4C191E14AF8F00798008 /* Model.xcdatamodeld */,
			);
			name = Model;
			sourceTree = "<group>";
		};
		C67D4C2F1E1C824500798008 /* Controller */ = {
			isa = PBXGroup;
			children = (
				C67D4C301E1C825C00798008 /* CoreDataTableViewController.swift */,
				C67D4C321E1C838A00798008 /* NotebooksTableViewController.swift */,
				C67D4C341E1C8B9500798008 /* NotesViewController.swift */,
			);
			name = Controller;
			sourceTree = "<group>";
		};
/* End PBXGroup section */

/* Begin PBXNativeTarget section */
		C67D4BE71E14AF6A00798008 /* CoolNotes */ = {
			isa = PBXNativeTarget;
			buildConfigurationList = C67D4C101E14AF6A00798008 /* Build configuration list for PBXNativeTarget "CoolNotes" */;
			buildPhases = (
				C67D4BE41E14AF6A00798008 /* Sources */,
				C67D4BE51E14AF6A00798008 /* Frameworks */,
				C67D4BE61E14AF6A00798008 /* Resources */,
			);
			buildRules = (
			);
			dependencies = (
			);
			name = CoolNotes;
			productName = CoolNotes;
			productReference = C67D4BE81E14AF6A00798008 /* CoolNotes.app */;
			productType = "com.apple.product-type.application";
		};
		C67D4BFB1E14AF6A00798008 /* CoolNotesTests */ = {
			isa = PBXNativeTarget;
			buildConfigurationList = C67D4C131E14AF6A00798008 /* Build configuration list for PBXNativeTarget "CoolNotesTests" */;
			buildPhases = (
				C67D4BF81E14AF6A00798008 /* Sources */,
				C67D4BF91E14AF6A00798008 /* Frameworks */,
				C67D4BFA1E14AF6A00798008 /* Resources */,
			);
			buildRules = (
			);
			dependencies = (
				C67D4BFE1E14AF6A00798008 /* PBXTargetDependency */,
			);
			name = CoolNotesTests;
			productName = CoolNotesTests;
			productReference = C67D4BFC1E14AF6A00798008 /* CoolNotesTests.xctest */;
			productType = "com.apple.product-type.bundle.unit-test";
		};
		C67D4C061E14AF6A00798008 /* CoolNotesUITests */ = {
			isa = PBXNativeTarget;
			buildConfigurationList = C67D4C161E14AF6A00798008 /* Build configuration list for PBXNativeTarget "CoolNotesUITests" */;
			buildPhases = (
				C67D4C031E14AF6A00798008 /* Sources */,
				C67D4C041E14AF6A00798008 /* Frameworks */,
				C67D4C051E14AF6A00798008 /* Resources */,
			);
			buildRules = (
			);
			dependencies = (
				C67D4C091E14AF6A00798008 /* PBXTargetDependency */,
			);
			name = CoolNotesUITests;
			productName = CoolNotesUITests;
			productReference = C67D4C071E14AF6A00798008 /* CoolNotesUITests.xctest */;
			productType = "com.apple.product-type.bundle.ui-testing";
		};
/* End PBXNativeTarget section */

/* Begin PBXProject section */
		C67D4BE01E14AF6A00798008 /* Project object */ = {
			isa = PBXProject;
			attributes = {
				LastSwiftUpdateCheck = 0820;
				LastUpgradeCheck = 0820;
				ORGANIZATIONNAME = "Gaurav Saraf";
				TargetAttributes = {
					C67D4BE71E14AF6A00798008 = {
						CreatedOnToolsVersion = 8.2.1;
						DevelopmentTeam = YBP3LRB395;
						ProvisioningStyle = Automatic;
					};
					C67D4BFB1E14AF6A00798008 = {
						CreatedOnToolsVersion = 8.2.1;
						DevelopmentTeam = YBP3LRB395;
						ProvisioningStyle = Automatic;
						TestTargetID = C67D4BE71E14AF6A00798008;
					};
					C67D4C061E14AF6A00798008 = {
						CreatedOnToolsVersion = 8.2.1;
						DevelopmentTeam = YBP3LRB395;
						ProvisioningStyle = Automatic;
						TestTargetID = C67D4BE71E14AF6A00798008;
					};
				};
			};
			buildConfigurationList = C67D4BE31E14AF6A00798008 /* Build configuration list for PBXProject "CoolNotes" */;
			compatibilityVersion = "Xcode 3.2";
			developmentRegion = English;
			hasScannedForEncodings = 0;
			knownRegions = (
				en,
				Base,
			);
			mainGroup = C67D4BDF1E14AF6A00798008;
			productRefGroup = C67D4BE91E14AF6A00798008 /* Products */;
			projectDirPath = "";
			projectRoot = "";
			targets = (
				C67D4BE71E14AF6A00798008 /* CoolNotes */,
				C67D4BFB1E14AF6A00798008 /* CoolNotesTests */,
				C67D4C061E14AF6A00798008 /* CoolNotesUITests */,
			);
		};
/* End PBXProject section */

/* Begin PBXResourcesBuildPhase section */
		C67D4BE61E14AF6A00798008 /* Resources */ = {
			isa = PBXResourcesBuildPhase;
			buildActionMask = 2147483647;
			files = (
				C67D4BF61E14AF6A00798008 /* LaunchScreen.storyboard in Resources */,
				C67D4BF31E14AF6A00798008 /* Assets.xcassets in Resources */,
				C67D4BF11E14AF6A00798008 /* Main.storyboard in Resources */,
			);
			runOnlyForDeploymentPostprocessing = 0;
		};
		C67D4BFA1E14AF6A00798008 /* Resources */ = {
			isa = PBXResourcesBuildPhase;
			buildActionMask = 2147483647;
			files = (
			);
			runOnlyForDeploymentPostprocessing = 0;
		};
		C67D4C051E14AF6A00798008 /* Resources */ = {
			isa = PBXResourcesBuildPhase;
			buildActionMask = 2147483647;
			files = (
			);
			runOnlyForDeploymentPostprocessing = 0;
		};
/* End PBXResourcesBuildPhase section */

/* Begin PBXSourcesBuildPhase section */
		C67D4BE41E14AF6A00798008 /* Sources */ = {
			isa = PBXSourcesBuildPhase;
			buildActionMask = 2147483647;
			files = (
				C67D4BEE1E14AF6A00798008 /* ViewController.swift in Sources */,
				C67D4C2E1E1AF39600798008 /* Note+CoreDataProperties.swift in Sources */,
				C67D4C351E1C8B9500798008 /* NotesViewController.swift in Sources */,
				C67D4C2D1E1AF39600798008 /* Note.swift in Sources */,
				C67D4C2B1E1AF39600798008 /* Notebook.swift in Sources */,
				C67D4C331E1C838A00798008 /* NotebooksTableViewController.swift in Sources */,
				C67D4C2C1E1AF39600798008 /* Notebook+CoreDataProperties.swift in Sources */,
				C67D4BEC1E14AF6A00798008 /* AppDelegate.swift in Sources */,
				C67D4C1B1E14AF8F00798008 /* Model.xcdatamodeld in Sources */,
				C67D4C1E1E1AEB2100798008 /* CoreDataStack.swift in Sources */,
				C67D4C311E1C825C00798008 /* CoreDataTableViewController.swift in Sources */,
			);
			runOnlyForDeploymentPostprocessing = 0;
		};
		C67D4BF81E14AF6A00798008 /* Sources */ = {
			isa = PBXSourcesBuildPhase;
			buildActionMask = 2147483647;
			files = (
				C67D4C011E14AF6A00798008 /* CoolNotesTests.swift in Sources */,
			);
			runOnlyForDeploymentPostprocessing = 0;
		};
		C67D4C031E14AF6A00798008 /* Sources */ = {
			isa = PBXSourcesBuildPhase;
			buildActionMask = 2147483647;
			files = (
				C67D4C0C1E14AF6A00798008 /* CoolNotesUITests.swift in Sources */,
			);
			runOnlyForDeploymentPostprocessing = 0;
		};
/* End PBXSourcesBuildPhase section */

/* Begin PBXTargetDependency section */
		C67D4BFE1E14AF6A00798008 /* PBXTargetDependency */ = {
			isa = PBXTargetDependency;
			target = C67D4BE71E14AF6A00798008 /* CoolNotes */;
			targetProxy = C67D4BFD1E14AF6A00798008 /* PBXContainerItemProxy */;
		};
		C67D4C091E14AF6A00798008 /* PBXTargetDependency */ = {
			isa = PBXTargetDependency;
			target = C67D4BE71E14AF6A00798008 /* CoolNotes */;
			targetProxy = C67D4C081E14AF6A00798008 /* PBXContainerItemProxy */;
		};
/* End PBXTargetDependency section */

/* Begin PBXVariantGroup section */
		C67D4BEF1E14AF6A00798008 /* Main.storyboard */ = {
			isa = PBXVariantGroup;
			children = (
				C67D4BF01E14AF6A00798008 /* Base */,
			);
			name = Main.storyboard;
			sourceTree = "<group>";
		};
		C67D4BF41E14AF6A00798008 /* LaunchScreen.storyboard */ = {
			isa = PBXVariantGroup;
			children = (
				C67D4BF51E14AF6A00798008 /* Base */,
			);
			name = LaunchScreen.storyboard;
			sourceTree = "<group>";
		};
/* End PBXVariantGroup section */

/* Begin XCBuildConfiguration section */
		C67D4C0E1E14AF6A00798008 /* Debug */ = {
			isa = XCBuildConfiguration;
			buildSettings = {
				ALWAYS_SEARCH_USER_PATHS = NO;
				CLANG_ANALYZER_NONNULL = YES;
				CLANG_CXX_LANGUAGE_STANDARD = "gnu++0x";
				CLANG_CXX_LIBRARY = "libc++";
				CLANG_ENABLE_MODULES = YES;
				CLANG_ENABLE_OBJC_ARC = YES;
				CLANG_WARN_BOOL_CONVERSION = YES;
				CLANG_WARN_CONSTANT_CONVERSION = YES;
				CLANG_WARN_DIRECT_OBJC_ISA_USAGE = YES_ERROR;
				CLANG_WARN_DOCUMENTATION_COMMENTS = YES;
				CLANG_WARN_EMPTY_BODY = YES;
				CLANG_WARN_ENUM_CONVERSION = YES;
				CLANG_WARN_INFINITE_RECURSION = YES;
				CLANG_WARN_INT_CONVERSION = YES;
				CLANG_WARN_OBJC_ROOT_CLASS = YES_ERROR;
				CLANG_WARN_SUSPICIOUS_MOVE = YES;
				CLANG_WARN_UNREACHABLE_CODE = YES;
				CLANG_WARN__DUPLICATE_METHOD_MATCH = YES;
				"CODE_SIGN_IDENTITY[sdk=iphoneos*]" = "iPhone Developer";
				COPY_PHASE_STRIP = NO;
				DEBUG_INFORMATION_FORMAT = dwarf;
				ENABLE_STRICT_OBJC_MSGSEND = YES;
				ENABLE_TESTABILITY = YES;
				GCC_C_LANGUAGE_STANDARD = gnu99;
				GCC_DYNAMIC_NO_PIC = NO;
				GCC_NO_COMMON_BLOCKS = YES;
				GCC_OPTIMIZATION_LEVEL = 0;
				GCC_PREPROCESSOR_DEFINITIONS = (
					"DEBUG=1",
					"$(inherited)",
				);
				GCC_WARN_64_TO_32_BIT_CONVERSION = YES;
				GCC_WARN_ABOUT_RETURN_TYPE = YES_ERROR;
				GCC_WARN_UNDECLARED_SELECTOR = YES;
				GCC_WARN_UNINITIALIZED_AUTOS = YES_AGGRESSIVE;
				GCC_WARN_UNUSED_FUNCTION = YES;
				GCC_WARN_UNUSED_VARIABLE = YES;
				IPHONEOS_DEPLOYMENT_TARGET = 10.2;
				MTL_ENABLE_DEBUG_INFO = YES;
				ONLY_ACTIVE_ARCH = YES;
				SDKROOT = iphoneos;
				SWIFT_ACTIVE_COMPILATION_CONDITIONS = DEBUG;
				SWIFT_OPTIMIZATION_LEVEL = "-Onone";
			};
			name = Debug;
		};
		C67D4C0F1E14AF6A00798008 /* Release */ = {
			isa = XCBuildConfiguration;
			buildSettings = {
				ALWAYS_SEARCH_USER_PATHS = NO;
				CLANG_ANALYZER_NONNULL = YES;
				CLANG_CXX_LANGUAGE_STANDARD = "gnu++0x";
				CLANG_CXX_LIBRARY = "libc++";
				CLANG_ENABLE_MODULES = YES;
				CLANG_ENABLE_OBJC_ARC = YES;
				CLANG_WARN_BOOL_CONVERSION = YES;
				CLANG_WARN_CONSTANT_CONVERSION = YES;
				CLANG_WARN_DIRECT_OBJC_ISA_USAGE = YES_ERROR;
				CLANG_WARN_DOCUMENTATION_COMMENTS = YES;
				CLANG_WARN_EMPTY_BODY = YES;
				CLANG_WARN_ENUM_CONVERSION = YES;
				CLANG_WARN_INFINITE_RECURSION = YES;
				CLANG_WARN_INT_CONVERSION = YES;
				CLANG_WARN_OBJC_ROOT_CLASS = YES_ERROR;
				CLANG_WARN_SUSPICIOUS_MOVE = YES;
				CLANG_WARN_UNREACHABLE_CODE = YES;
				CLANG_WARN__DUPLICATE_METHOD_MATCH = YES;
				"CODE_SIGN_IDENTITY[sdk=iphoneos*]" = "iPhone Developer";
				COPY_PHASE_STRIP = NO;
				DEBUG_INFORMATION_FORMAT = "dwarf-with-dsym";
				ENABLE_NS_ASSERTIONS = NO;
				ENABLE_STRICT_OBJC_MSGSEND = YES;
				GCC_C_LANGUAGE_STANDARD = gnu99;
				GCC_NO_COMMON_BLOCKS = YES;
				GCC_WARN_64_TO_32_BIT_CONVERSION = YES;
				GCC_WARN_ABOUT_RETURN_TYPE = YES_ERROR;
				GCC_WARN_UNDECLARED_SELECTOR = YES;
				GCC_WARN_UNINITIALIZED_AUTOS = YES_AGGRESSIVE;
				GCC_WARN_UNUSED_FUNCTION = YES;
				GCC_WARN_UNUSED_VARIABLE = YES;
				IPHONEOS_DEPLOYMENT_TARGET = 10.2;
				MTL_ENABLE_DEBUG_INFO = NO;
				SDKROOT = iphoneos;
				SWIFT_OPTIMIZATION_LEVEL = "-Owholemodule";
				VALIDATE_PRODUCT = YES;
			};
			name = Release;
		};
		C67D4C111E14AF6A00798008 /* Debug */ = {
			isa = XCBuildConfiguration;
			buildSettings = {
				ASSETCATALOG_COMPILER_APPICON_NAME = AppIcon;
				DEVELOPMENT_TEAM = YBP3LRB395;
				INFOPLIST_FILE = CoolNotes/Info.plist;
				LD_RUNPATH_SEARCH_PATHS = "$(inherited) @executable_path/Frameworks";
				PRODUCT_BUNDLE_IDENTIFIER = com.saraf.CoolNotes;
				PRODUCT_NAME = "$(TARGET_NAME)";
				SWIFT_VERSION = 3.0;
			};
			name = Debug;
		};
		C67D4C121E14AF6A00798008 /* Release */ = {
			isa = XCBuildConfiguration;
			buildSettings = {
				ASSETCATALOG_COMPILER_APPICON_NAME = AppIcon;
				DEVELOPMENT_TEAM = YBP3LRB395;
				INFOPLIST_FILE = CoolNotes/Info.plist;
				LD_RUNPATH_SEARCH_PATHS = "$(inherited) @executable_path/Frameworks";
				PRODUCT_BUNDLE_IDENTIFIER = com.saraf.CoolNotes;
				PRODUCT_NAME = "$(TARGET_NAME)";
				SWIFT_VERSION = 3.0;
			};
			name = Release;
		};
		C67D4C141E14AF6A00798008 /* Debug */ = {
			isa = XCBuildConfiguration;
			buildSettings = {
				ALWAYS_EMBED_SWIFT_STANDARD_LIBRARIES = YES;
				BUNDLE_LOADER = "$(TEST_HOST)";
				DEVELOPMENT_TEAM = YBP3LRB395;
				INFOPLIST_FILE = CoolNotesTests/Info.plist;
				LD_RUNPATH_SEARCH_PATHS = "$(inherited) @executable_path/Frameworks @loader_path/Frameworks";
				PRODUCT_BUNDLE_IDENTIFIER = com.saraf.CoolNotesTests;
				PRODUCT_NAME = "$(TARGET_NAME)";
				SWIFT_VERSION = 3.0;
				TEST_HOST = "$(BUILT_PRODUCTS_DIR)/CoolNotes.app/CoolNotes";
			};
			name = Debug;
		};
		C67D4C151E14AF6A00798008 /* Release */ = {
			isa = XCBuildConfiguration;
			buildSettings = {
				ALWAYS_EMBED_SWIFT_STANDARD_LIBRARIES = YES;
				BUNDLE_LOADER = "$(TEST_HOST)";
				DEVELOPMENT_TEAM = YBP3LRB395;
				INFOPLIST_FILE = CoolNotesTests/Info.plist;
				LD_RUNPATH_SEARCH_PATHS = "$(inherited) @executable_path/Frameworks @loader_path/Frameworks";
				PRODUCT_BUNDLE_IDENTIFIER = com.saraf.CoolNotesTests;
				PRODUCT_NAME = "$(TARGET_NAME)";
				SWIFT_VERSION = 3.0;
				TEST_HOST = "$(BUILT_PRODUCTS_DIR)/CoolNotes.app/CoolNotes";
			};
			name = Release;
		};
		C67D4C171E14AF6A00798008 /* Debug */ = {
			isa = XCBuildConfiguration;
			buildSettings = {
				ALWAYS_EMBED_SWIFT_STANDARD_LIBRARIES = YES;
				DEVELOPMENT_TEAM = YBP3LRB395;
				INFOPLIST_FILE = CoolNotesUITests/Info.plist;
				LD_RUNPATH_SEARCH_PATHS = "$(inherited) @executable_path/Frameworks @loader_path/Frameworks";
				PRODUCT_BUNDLE_IDENTIFIER = com.saraf.CoolNotesUITests;
				PRODUCT_NAME = "$(TARGET_NAME)";
				SWIFT_VERSION = 3.0;
				TEST_TARGET_NAME = CoolNotes;
			};
			name = Debug;
		};
		C67D4C181E14AF6A00798008 /* Release */ = {
			isa = XCBuildConfiguration;
			buildSettings = {
				ALWAYS_EMBED_SWIFT_STANDARD_LIBRARIES = YES;
				DEVELOPMENT_TEAM = YBP3LRB395;
				INFOPLIST_FILE = CoolNotesUITests/Info.plist;
				LD_RUNPATH_SEARCH_PATHS = "$(inherited) @executable_path/Frameworks @loader_path/Frameworks";
				PRODUCT_BUNDLE_IDENTIFIER = com.saraf.CoolNotesUITests;
				PRODUCT_NAME = "$(TARGET_NAME)";
				SWIFT_VERSION = 3.0;
				TEST_TARGET_NAME = CoolNotes;
			};
			name = Release;
		};
/* End XCBuildConfiguration section */

/* Begin XCConfigurationList section */
		C67D4BE31E14AF6A00798008 /* Build configuration list for PBXProject "CoolNotes" */ = {
			isa = XCConfigurationList;
			buildConfigurations = (
				C67D4C0E1E14AF6A00798008 /* Debug */,
				C67D4C0F1E14AF6A00798008 /* Release */,
			);
			defaultConfigurationIsVisible = 0;
			defaultConfigurationName = Release;
		};
		C67D4C101E14AF6A00798008 /* Build configuration list for PBXNativeTarget "CoolNotes" */ = {
			isa = XCConfigurationList;
			buildConfigurations = (
				C67D4C111E14AF6A00798008 /* Debug */,
				C67D4C121E14AF6A00798008 /* Release */,
			);
			defaultConfigurationIsVisible = 0;
		};
		C67D4C131E14AF6A00798008 /* Build configuration list for PBXNativeTarget "CoolNotesTests" */ = {
			isa = XCConfigurationList;
			buildConfigurations = (
				C67D4C141E14AF6A00798008 /* Debug */,
				C67D4C151E14AF6A00798008 /* Release */,
			);
			defaultConfigurationIsVisible = 0;
		};
		C67D4C161E14AF6A00798008 /* Build configuration list for PBXNativeTarget "CoolNotesUITests" */ = {
			isa = XCConfigurationList;
			buildConfigurations = (
				C67D4C171E14AF6A00798008 /* Debug */,
				C67D4C181E14AF6A00798008 /* Release */,
			);
			defaultConfigurationIsVisible = 0;
		};
/* End XCConfigurationList section */

/* Begin XCVersionGroup section */
		C67D4C191E14AF8F00798008 /* Model.xcdatamodeld */ = {
			isa = XCVersionGroup;
			children = (
				C67D4C1A1E14AF8F00798008 /* Model.xcdatamodel */,
			);
			currentVersion = C67D4C1A1E14AF8F00798008 /* Model.xcdatamodel */;
			name = Model.xcdatamodeld;
			path = ../Model.xcdatamodeld;
			sourceTree = "<group>";
			versionGroupType = wrapper.xcdatamodel;
		};
/* End XCVersionGroup section */
	};
	rootObject = C67D4BE01E14AF6A00798008 /* Project object */;
}
